// !$*UTF8*$!
{
	archiveVersion = 1;
	classes = {
	};
	objectVersion = 46;
	objects = {

/* Begin PBXBuildFile section */
		DA2486BB163C016F000107F0 /* NotificationUtil.m in Sources */ = {isa = PBXBuildFile; fileRef = DA2486BA163C016F000107F0 /* NotificationUtil.m */; };
		DA264CFF163976CF00FAB77A /* UIKit.framework in Frameworks */ = {isa = PBXBuildFile; fileRef = DA264CFE163976CF00FAB77A /* UIKit.framework */; };
		DA264D01163976CF00FAB77A /* Foundation.framework in Frameworks */ = {isa = PBXBuildFile; fileRef = DA264D00163976CF00FAB77A /* Foundation.framework */; };
		DA264D03163976CF00FAB77A /* CoreGraphics.framework in Frameworks */ = {isa = PBXBuildFile; fileRef = DA264D02163976CF00FAB77A /* CoreGraphics.framework */; };
		DA264D09163976CF00FAB77A /* InfoPlist.strings in Resources */ = {isa = PBXBuildFile; fileRef = DA264D07163976CF00FAB77A /* InfoPlist.strings */; };
		DA264D0B163976CF00FAB77A /* main.m in Sources */ = {isa = PBXBuildFile; fileRef = DA264D0A163976CF00FAB77A /* main.m */; };
		DA264D0F163976CF00FAB77A /* AppDelegate.m in Sources */ = {isa = PBXBuildFile; fileRef = DA264D0E163976CF00FAB77A /* AppDelegate.m */; };
		DA264D15163976CF00FAB77A /* Default-568h@2x.png in Resources */ = {isa = PBXBuildFile; fileRef = DA264D14163976CF00FAB77A /* Default-568h@2x.png */; };
		DA264D1D1639773700FAB77A /* MainWindow.xib in Resources */ = {isa = PBXBuildFile; fileRef = DA264D1C1639773700FAB77A /* MainWindow.xib */; };
		DA264D2616397C7900FAB77A /* HomeViewController.m in Sources */ = {isa = PBXBuildFile; fileRef = DA264D2416397C7900FAB77A /* HomeViewController.m */; };
		DA264D2716397C7900FAB77A /* HomeViewController.xib in Resources */ = {isa = PBXBuildFile; fileRef = DA264D2516397C7900FAB77A /* HomeViewController.xib */; };
		DA55F4D7163D5CDF00CABAA5 /* china_btn_bg.png in Resources */ = {isa = PBXBuildFile; fileRef = DA55F4CB163D5CDF00CABAA5 /* china_btn_bg.png */; };
		DA55F4D8163D5CDF00CABAA5 /* china_btn_bg@2X.png in Resources */ = {isa = PBXBuildFile; fileRef = DA55F4CC163D5CDF00CABAA5 /* china_btn_bg@2X.png */; };
		DA55F4D9163D5CDF00CABAA5 /* fin_btn_bg.png in Resources */ = {isa = PBXBuildFile; fileRef = DA55F4CD163D5CDF00CABAA5 /* fin_btn_bg.png */; };
		DA55F4DA163D5CDF00CABAA5 /* fin_btn_bg@2x.png in Resources */ = {isa = PBXBuildFile; fileRef = DA55F4CE163D5CDF00CABAA5 /* fin_btn_bg@2x.png */; };
		DA55F4DB163D5CDF00CABAA5 /* military_btn_bg.png in Resources */ = {isa = PBXBuildFile; fileRef = DA55F4CF163D5CDF00CABAA5 /* military_btn_bg.png */; };
		DA55F4DC163D5CDF00CABAA5 /* military_btn_bg@2x.png in Resources */ = {isa = PBXBuildFile; fileRef = DA55F4D0163D5CDF00CABAA5 /* military_btn_bg@2x.png */; };
		DA55F4DD163D5CDF00CABAA5 /* taiwan_btn_bg.png in Resources */ = {isa = PBXBuildFile; fileRef = DA55F4D1163D5CDF00CABAA5 /* taiwan_btn_bg.png */; };
		DA55F4DE163D5CDF00CABAA5 /* taiwan_btn_bg@2x.png in Resources */ = {isa = PBXBuildFile; fileRef = DA55F4D2163D5CDF00CABAA5 /* taiwan_btn_bg@2x.png */; };
		DA55F4DF163D5CDF00CABAA5 /* view_btn_bg.png in Resources */ = {isa = PBXBuildFile; fileRef = DA55F4D3163D5CDF00CABAA5 /* view_btn_bg.png */; };
		DA55F4E0163D5CDF00CABAA5 /* view_btn_bg@2x.png in Resources */ = {isa = PBXBuildFile; fileRef = DA55F4D4163D5CDF00CABAA5 /* view_btn_bg@2x.png */; };
		DA55F4E1163D5CDF00CABAA5 /* world_btn_bg.png in Resources */ = {isa = PBXBuildFile; fileRef = DA55F4D5163D5CDF00CABAA5 /* world_btn_bg.png */; };
		DA55F4E2163D5CDF00CABAA5 /* world_btn_bg@2x.png in Resources */ = {isa = PBXBuildFile; fileRef = DA55F4D6163D5CDF00CABAA5 /* world_btn_bg@2x.png */; };
		DA55F4E6163D631600CABAA5 /* libUMFeedback.a in Frameworks */ = {isa = PBXBuildFile; fileRef = DA55F4E3163D631600CABAA5 /* libUMFeedback.a */; };
		DA55F4E7163D631600CABAA5 /* umFeedback.bundle in Resources */ = {isa = PBXBuildFile; fileRef = DA55F4E4163D631600CABAA5 /* umFeedback.bundle */; };
		DA55F4EA163D64E600CABAA5 /* libMobClickLibrary.a in Frameworks */ = {isa = PBXBuildFile; fileRef = DA55F4E8163D64E600CABAA5 /* libMobClickLibrary.a */; };
		DA55F4EC163D650600CABAA5 /* libz.dylib in Frameworks */ = {isa = PBXBuildFile; fileRef = DA55F4EB163D650600CABAA5 /* libz.dylib */; };
		DAF5093F163D227E005E27CE /* NewsViewController.m in Sources */ = {isa = PBXBuildFile; fileRef = DAF5093D163D227E005E27CE /* NewsViewController.m */; };
		DAF50940163D227E005E27CE /* NewsViewController.xib in Resources */ = {isa = PBXBuildFile; fileRef = DAF5093E163D227E005E27CE /* NewsViewController.xib */; };
		DAF50945163D37D4005E27CE /* icon2.png in Resources */ = {isa = PBXBuildFile; fileRef = DAF50944163D37D4005E27CE /* icon2.png */; };
		DAF50947163D37E8005E27CE /* icon1.png in Resources */ = {isa = PBXBuildFile; fileRef = DAF50946163D37E7005E27CE /* icon1.png */; };
		DAF50950163D4C8A005E27CE /* Default.png in Resources */ = {isa = PBXBuildFile; fileRef = DAF5094F163D4C8A005E27CE /* Default.png */; };
		DAF50952163D4C92005E27CE /* Default@2x.png in Resources */ = {isa = PBXBuildFile; fileRef = DAF50951163D4C92005E27CE /* Default@2x.png */; };
		DAFFD044163B8EAF00AA9FE4 /* btn_bar_home_sel.png in Resources */ = {isa = PBXBuildFile; fileRef = DAFFD036163B8EAF00AA9FE4 /* btn_bar_home_sel.png */; };
		DAFFD045163B8EAF00AA9FE4 /* btn_bar_setting_sel.png in Resources */ = {isa = PBXBuildFile; fileRef = DAFFD037163B8EAF00AA9FE4 /* btn_bar_setting_sel.png */; };
		DAFFD046163B8EAF00AA9FE4 /* btn_chat_addfrend_nol.png in Resources */ = {isa = PBXBuildFile; fileRef = DAFFD038163B8EAF00AA9FE4 /* btn_chat_addfrend_nol.png */; };
		DAFFD047163B8EAF00AA9FE4 /* ic_details_forward.png in Resources */ = {isa = PBXBuildFile; fileRef = DAFFD039163B8EAF00AA9FE4 /* ic_details_forward.png */; };
		DAFFD048163B8EAF00AA9FE4 /* ic_details_forward_focused.png in Resources */ = {isa = PBXBuildFile; fileRef = DAFFD03A163B8EAF00AA9FE4 /* ic_details_forward_focused.png */; };
		DAFFD049163B8EAF00AA9FE4 /* ic_favorite.png in Resources */ = {isa = PBXBuildFile; fileRef = DAFFD03B163B8EAF00AA9FE4 /* ic_favorite.png */; };
		DAFFD04A163B8EAF00AA9FE4 /* ic_infor.png in Resources */ = {isa = PBXBuildFile; fileRef = DAFFD03C163B8EAF00AA9FE4 /* ic_infor.png */; };
		DAFFD04B163B8EAF00AA9FE4 /* ico_chat_insert_down_nol.png in Resources */ = {isa = PBXBuildFile; fileRef = DAFFD03D163B8EAF00AA9FE4 /* ico_chat_insert_down_nol.png */; };
		DAFFD04C163B8EAF00AA9FE4 /* ico_chat_insert_down_sel.png in Resources */ = {isa = PBXBuildFile; fileRef = DAFFD03E163B8EAF00AA9FE4 /* ico_chat_insert_down_sel.png */; };
		DAFFD04D163B8EAF00AA9FE4 /* ico_mainfeed_quickreply_jiong_big.png in Resources */ = {isa = PBXBuildFile; fileRef = DAFFD040163B8EAF00AA9FE4 /* ico_mainfeed_quickreply_jiong_big.png */; };
		DAFFD04E163B8EAF00AA9FE4 /* ico_mainfeed_quickreply_unlike_big.png in Resources */ = {isa = PBXBuildFile; fileRef = DAFFD041163B8EAF00AA9FE4 /* ico_mainfeed_quickreply_unlike_big.png */; };
		DAFFD04F163B8EAF00AA9FE4 /* ico_pulishpage_doing_dog.png in Resources */ = {isa = PBXBuildFile; fileRef = DAFFD042163B8EAF00AA9FE4 /* ico_pulishpage_doing_dog.png */; };
		DAFFD050163B8EAF00AA9FE4 /* ico_pulishpage_doing_shit.png in Resources */ = {isa = PBXBuildFile; fileRef = DAFFD043163B8EAF00AA9FE4 /* ico_pulishpage_doing_shit.png */; };
		DAFFD057163B916500AA9FE4 /* Constant.m in Sources */ = {isa = PBXBuildFile; fileRef = DAFFD056163B916500AA9FE4 /* Constant.m */; };
		DAFFD066163B94F600AA9FE4 /* MBProgressHUD.m in Sources */ = {isa = PBXBuildFile; fileRef = DAFFD065163B94F600AA9FE4 /* MBProgressHUD.m */; };
		DAFFD06D163B95E800AA9FE4 /* SettingsViewController.m in Sources */ = {isa = PBXBuildFile; fileRef = DAFFD06B163B95E800AA9FE4 /* SettingsViewController.m */; };
		DAFFD06E163B95E800AA9FE4 /* SettingsViewController.xib in Resources */ = {isa = PBXBuildFile; fileRef = DAFFD06C163B95E800AA9FE4 /* SettingsViewController.xib */; };
		DAFFD072163B98E200AA9FE4 /* ChinaViewController.m in Sources */ = {isa = PBXBuildFile; fileRef = DAFFD070163B98E200AA9FE4 /* ChinaViewController.m */; };
		DAFFD073163B98E200AA9FE4 /* ChinaViewController.xib in Resources */ = {isa = PBXBuildFile; fileRef = DAFFD071163B98E200AA9FE4 /* ChinaViewController.xib */; };
		DAFFD077163B993700AA9FE4 /* HotNewsViewController.m in Sources */ = {isa = PBXBuildFile; fileRef = DAFFD075163B993700AA9FE4 /* HotNewsViewController.m */; };
		DAFFD078163B993700AA9FE4 /* HotNewsViewController.xib in Resources */ = {isa = PBXBuildFile; fileRef = DAFFD076163B993700AA9FE4 /* HotNewsViewController.xib */; };
		DAFFD084163B9B0800AA9FE4 /* Blue.png in Resources */ = {isa = PBXBuildFile; fileRef = DAFFD079163B9B0800AA9FE4 /* Blue.png */; };
		DAFFD085163B9B0800AA9FE4 /* Blue@2x.png in Resources */ = {isa = PBXBuildFile; fileRef = DAFFD07A163B9B0800AA9FE4 /* Blue@2x.png */; };
		DAFFD086163B9B0800AA9FE4 /* MKInfoPanel.m in Sources */ = {isa = PBXBuildFile; fileRef = DAFFD07C163B9B0800AA9FE4 /* MKInfoPanel.m */; };
		DAFFD087163B9B0800AA9FE4 /* MKInfoPanel.xib in Resources */ = {isa = PBXBuildFile; fileRef = DAFFD07D163B9B0800AA9FE4 /* MKInfoPanel.xib */; };
		DAFFD088163B9B0800AA9FE4 /* Red.png in Resources */ = {isa = PBXBuildFile; fileRef = DAFFD07E163B9B0800AA9FE4 /* Red.png */; };
		DAFFD089163B9B0800AA9FE4 /* Red@2x.png in Resources */ = {isa = PBXBuildFile; fileRef = DAFFD07F163B9B0800AA9FE4 /* Red@2x.png */; };
		DAFFD08A163B9B0800AA9FE4 /* Tick.png in Resources */ = {isa = PBXBuildFile; fileRef = DAFFD080163B9B0800AA9FE4 /* Tick.png */; };
		DAFFD08B163B9B0800AA9FE4 /* Tick@2x.png in Resources */ = {isa = PBXBuildFile; fileRef = DAFFD081163B9B0800AA9FE4 /* Tick@2x.png */; };
		DAFFD08C163B9B0800AA9FE4 /* Warning.png in Resources */ = {isa = PBXBuildFile; fileRef = DAFFD082163B9B0800AA9FE4 /* Warning.png */; };
		DAFFD08D163B9B0800AA9FE4 /* Warning@2x.png in Resources */ = {isa = PBXBuildFile; fileRef = DAFFD083163B9B0800AA9FE4 /* Warning@2x.png */; };
		DAFFD093163B9D0700AA9FE4 /* QuartzCore.framework in Frameworks */ = {isa = PBXBuildFile; fileRef = DAFFD092163B9D0700AA9FE4 /* QuartzCore.framework */; };
/* End PBXBuildFile section */

/* Begin PBXFileReference section */
		DA2486B9163C016F000107F0 /* NotificationUtil.h */ = {isa = PBXFileReference; fileEncoding = 4; lastKnownFileType = sourcecode.c.h; path = NotificationUtil.h; sourceTree = "<group>"; };
		DA2486BA163C016F000107F0 /* NotificationUtil.m */ = {isa = PBXFileReference; fileEncoding = 4; lastKnownFileType = sourcecode.c.objc; path = NotificationUtil.m; sourceTree = "<group>"; };
		DA264CFA163976CF00FAB77A /* ReferenceNews.app */ = {isa = PBXFileReference; explicitFileType = wrapper.application; includeInIndex = 0; path = ReferenceNews.app; sourceTree = BUILT_PRODUCTS_DIR; };
		DA264CFE163976CF00FAB77A /* UIKit.framework */ = {isa = PBXFileReference; lastKnownFileType = wrapper.framework; name = UIKit.framework; path = System/Library/Frameworks/UIKit.framework; sourceTree = SDKROOT; };
		DA264D00163976CF00FAB77A /* Foundation.framework */ = {isa = PBXFileReference; lastKnownFileType = wrapper.framework; name = Foundation.framework; path = System/Library/Frameworks/Foundation.framework; sourceTree = SDKROOT; };
		DA264D02163976CF00FAB77A /* CoreGraphics.framework */ = {isa = PBXFileReference; lastKnownFileType = wrapper.framework; name = CoreGraphics.framework; path = System/Library/Frameworks/CoreGraphics.framework; sourceTree = SDKROOT; };
		DA264D06163976CF00FAB77A /* ReferenceNews-Info.plist */ = {isa = PBXFileReference; lastKnownFileType = text.plist.xml; path = "ReferenceNews-Info.plist"; sourceTree = "<group>"; };
		DA264D08163976CF00FAB77A /* en */ = {isa = PBXFileReference; lastKnownFileType = text.plist.strings; name = en; path = en.lproj/InfoPlist.strings; sourceTree = "<group>"; };
		DA264D0A163976CF00FAB77A /* main.m */ = {isa = PBXFileReference; lastKnownFileType = sourcecode.c.objc; path = main.m; sourceTree = "<group>"; };
		DA264D0C163976CF00FAB77A /* ReferenceNews-Prefix.pch */ = {isa = PBXFileReference; lastKnownFileType = sourcecode.c.h; path = "ReferenceNews-Prefix.pch"; sourceTree = "<group>"; };
		DA264D0D163976CF00FAB77A /* AppDelegate.h */ = {isa = PBXFileReference; lastKnownFileType = sourcecode.c.h; path = AppDelegate.h; sourceTree = "<group>"; };
		DA264D0E163976CF00FAB77A /* AppDelegate.m */ = {isa = PBXFileReference; lastKnownFileType = sourcecode.c.objc; path = AppDelegate.m; sourceTree = "<group>"; };
		DA264D14163976CF00FAB77A /* Default-568h@2x.png */ = {isa = PBXFileReference; lastKnownFileType = image.png; path = "Default-568h@2x.png"; sourceTree = "<group>"; };
		DA264D1C1639773700FAB77A /* MainWindow.xib */ = {isa = PBXFileReference; fileEncoding = 4; lastKnownFileType = file.xib; path = MainWindow.xib; sourceTree = "<group>"; };
		DA264D2316397C7900FAB77A /* HomeViewController.h */ = {isa = PBXFileReference; fileEncoding = 4; lastKnownFileType = sourcecode.c.h; path = HomeViewController.h; sourceTree = "<group>"; };
		DA264D2416397C7900FAB77A /* HomeViewController.m */ = {isa = PBXFileReference; fileEncoding = 4; lastKnownFileType = sourcecode.c.objc; path = HomeViewController.m; sourceTree = "<group>"; };
		DA264D2516397C7900FAB77A /* HomeViewController.xib */ = {isa = PBXFileReference; fileEncoding = 4; lastKnownFileType = file.xib; path = HomeViewController.xib; sourceTree = "<group>"; };
		DA55F4CB163D5CDF00CABAA5 /* china_btn_bg.png */ = {isa = PBXFileReference; lastKnownFileType = image.png; path = china_btn_bg.png; sourceTree = "<group>"; };
		DA55F4CC163D5CDF00CABAA5 /* china_btn_bg@2X.png */ = {isa = PBXFileReference; lastKnownFileType = image.png; path = "china_btn_bg@2X.png"; sourceTree = "<group>"; };
		DA55F4CD163D5CDF00CABAA5 /* fin_btn_bg.png */ = {isa = PBXFileReference; lastKnownFileType = image.png; path = fin_btn_bg.png; sourceTree = "<group>"; };
		DA55F4CE163D5CDF00CABAA5 /* fin_btn_bg@2x.png */ = {isa = PBXFileReference; lastKnownFileType = image.png; path = "fin_btn_bg@2x.png"; sourceTree = "<group>"; };
		DA55F4CF163D5CDF00CABAA5 /* military_btn_bg.png */ = {isa = PBXFileReference; lastKnownFileType = image.png; path = military_btn_bg.png; sourceTree = "<group>"; };
		DA55F4D0163D5CDF00CABAA5 /* military_btn_bg@2x.png */ = {isa = PBXFileReference; lastKnownFileType = image.png; path = "military_btn_bg@2x.png"; sourceTree = "<group>"; };
		DA55F4D1163D5CDF00CABAA5 /* taiwan_btn_bg.png */ = {isa = PBXFileReference; lastKnownFileType = image.png; path = taiwan_btn_bg.png; sourceTree = "<group>"; };
		DA55F4D2163D5CDF00CABAA5 /* taiwan_btn_bg@2x.png */ = {isa = PBXFileReference; lastKnownFileType = image.png; path = "taiwan_btn_bg@2x.png"; sourceTree = "<group>"; };
		DA55F4D3163D5CDF00CABAA5 /* view_btn_bg.png */ = {isa = PBXFileReference; lastKnownFileType = image.png; path = view_btn_bg.png; sourceTree = "<group>"; };
		DA55F4D4163D5CDF00CABAA5 /* view_btn_bg@2x.png */ = {isa = PBXFileReference; lastKnownFileType = image.png; path = "view_btn_bg@2x.png"; sourceTree = "<group>"; };
		DA55F4D5163D5CDF00CABAA5 /* world_btn_bg.png */ = {isa = PBXFileReference; lastKnownFileType = image.png; path = world_btn_bg.png; sourceTree = "<group>"; };
		DA55F4D6163D5CDF00CABAA5 /* world_btn_bg@2x.png */ = {isa = PBXFileReference; lastKnownFileType = image.png; path = "world_btn_bg@2x.png"; sourceTree = "<group>"; };
		DA55F4E3163D631600CABAA5 /* libUMFeedback.a */ = {isa = PBXFileReference; lastKnownFileType = archive.ar; path = libUMFeedback.a; sourceTree = "<group>"; };
		DA55F4E4163D631600CABAA5 /* umFeedback.bundle */ = {isa = PBXFileReference; lastKnownFileType = "wrapper.plug-in"; path = umFeedback.bundle; sourceTree = "<group>"; };
		DA55F4E5163D631600CABAA5 /* UMFeedback.h */ = {isa = PBXFileReference; fileEncoding = 4; lastKnownFileType = sourcecode.c.h; path = UMFeedback.h; sourceTree = "<group>"; };
		DA55F4E8163D64E600CABAA5 /* libMobClickLibrary.a */ = {isa = PBXFileReference; lastKnownFileType = archive.ar; path = libMobClickLibrary.a; sourceTree = "<group>"; };
		DA55F4E9163D64E600CABAA5 /* MobClick.h */ = {isa = PBXFileReference; fileEncoding = 4; lastKnownFileType = sourcecode.c.h; path = MobClick.h; sourceTree = "<group>"; };
		DA55F4EB163D650600CABAA5 /* libz.dylib */ = {isa = PBXFileReference; lastKnownFileType = "compiled.mach-o.dylib"; name = libz.dylib; path = usr/lib/libz.dylib; sourceTree = SDKROOT; };
		DAF5093C163D227E005E27CE /* NewsViewController.h */ = {isa = PBXFileReference; fileEncoding = 4; lastKnownFileType = sourcecode.c.h; path = NewsViewController.h; sourceTree = "<group>"; };
		DAF5093D163D227E005E27CE /* NewsViewController.m */ = {isa = PBXFileReference; fileEncoding = 4; lastKnownFileType = sourcecode.c.objc; path = NewsViewController.m; sourceTree = "<group>"; };
		DAF5093E163D227E005E27CE /* NewsViewController.xib */ = {isa = PBXFileReference; fileEncoding = 4; lastKnownFileType = file.xib; path = NewsViewController.xib; sourceTree = "<group>"; };
		DAF50944163D37D4005E27CE /* icon2.png */ = {isa = PBXFileReference; lastKnownFileType = image.png; name = icon2.png; path = ../icon2.png; sourceTree = "<group>"; };
		DAF50946163D37E7005E27CE /* icon1.png */ = {isa = PBXFileReference; lastKnownFileType = image.png; name = icon1.png; path = ../icon1.png; sourceTree = "<group>"; };
		DAF5094F163D4C8A005E27CE /* Default.png */ = {isa = PBXFileReference; lastKnownFileType = image.png; name = Default.png; path = ../Default.png; sourceTree = "<group>"; };
		DAF50951163D4C92005E27CE /* Default@2x.png */ = {isa = PBXFileReference; lastKnownFileType = image.png; name = "Default@2x.png"; path = "../Default@2x.png"; sourceTree = "<group>"; };
		DAFFD036163B8EAF00AA9FE4 /* btn_bar_home_sel.png */ = {isa = PBXFileReference; lastKnownFileType = image.png; path = btn_bar_home_sel.png; sourceTree = "<group>"; };
		DAFFD037163B8EAF00AA9FE4 /* btn_bar_setting_sel.png */ = {isa = PBXFileReference; lastKnownFileType = image.png; path = btn_bar_setting_sel.png; sourceTree = "<group>"; };
		DAFFD038163B8EAF00AA9FE4 /* btn_chat_addfrend_nol.png */ = {isa = PBXFileReference; lastKnownFileType = image.png; path = btn_chat_addfrend_nol.png; sourceTree = "<group>"; };
		DAFFD039163B8EAF00AA9FE4 /* ic_details_forward.png */ = {isa = PBXFileReference; lastKnownFileType = image.png; path = ic_details_forward.png; sourceTree = "<group>"; };
		DAFFD03A163B8EAF00AA9FE4 /* ic_details_forward_focused.png */ = {isa = PBXFileReference; lastKnownFileType = image.png; path = ic_details_forward_focused.png; sourceTree = "<group>"; };
		DAFFD03B163B8EAF00AA9FE4 /* ic_favorite.png */ = {isa = PBXFileReference; lastKnownFileType = image.png; path = ic_favorite.png; sourceTree = "<group>"; };
		DAFFD03C163B8EAF00AA9FE4 /* ic_infor.png */ = {isa = PBXFileReference; lastKnownFileType = image.png; path = ic_infor.png; sourceTree = "<group>"; };
		DAFFD03D163B8EAF00AA9FE4 /* ico_chat_insert_down_nol.png */ = {isa = PBXFileReference; lastKnownFileType = image.png; path = ico_chat_insert_down_nol.png; sourceTree = "<group>"; };
		DAFFD03E163B8EAF00AA9FE4 /* ico_chat_insert_down_sel.png */ = {isa = PBXFileReference; lastKnownFileType = image.png; path = ico_chat_insert_down_sel.png; sourceTree = "<group>"; };
		DAFFD040163B8EAF00AA9FE4 /* ico_mainfeed_quickreply_jiong_big.png */ = {isa = PBXFileReference; lastKnownFileType = image.png; path = ico_mainfeed_quickreply_jiong_big.png; sourceTree = "<group>"; };
		DAFFD041163B8EAF00AA9FE4 /* ico_mainfeed_quickreply_unlike_big.png */ = {isa = PBXFileReference; lastKnownFileType = image.png; path = ico_mainfeed_quickreply_unlike_big.png; sourceTree = "<group>"; };
		DAFFD042163B8EAF00AA9FE4 /* ico_pulishpage_doing_dog.png */ = {isa = PBXFileReference; lastKnownFileType = image.png; path = ico_pulishpage_doing_dog.png; sourceTree = "<group>"; };
		DAFFD043163B8EAF00AA9FE4 /* ico_pulishpage_doing_shit.png */ = {isa = PBXFileReference; lastKnownFileType = image.png; path = ico_pulishpage_doing_shit.png; sourceTree = "<group>"; };
		DAFFD052163B909200AA9FE4 /* CColor.h */ = {isa = PBXFileReference; lastKnownFileType = sourcecode.c.h; path = CColor.h; sourceTree = "<group>"; };
		DAFFD053163B910C00AA9FE4 /* CLog.h */ = {isa = PBXFileReference; lastKnownFileType = sourcecode.c.h; path = CLog.h; sourceTree = "<group>"; };
		DAFFD054163B913C00AA9FE4 /* SystemVersionUtil.h */ = {isa = PBXFileReference; lastKnownFileType = sourcecode.c.h; path = SystemVersionUtil.h; sourceTree = "<group>"; };
		DAFFD055163B916500AA9FE4 /* Constant.h */ = {isa = PBXFileReference; fileEncoding = 4; lastKnownFileType = sourcecode.c.h; path = Constant.h; sourceTree = "<group>"; };
		DAFFD056163B916500AA9FE4 /* Constant.m */ = {isa = PBXFileReference; fileEncoding = 4; lastKnownFileType = sourcecode.c.objc; path = Constant.m; sourceTree = "<group>"; };
		DAFFD064163B94F600AA9FE4 /* MBProgressHUD.h */ = {isa = PBXFileReference; fileEncoding = 4; lastKnownFileType = sourcecode.c.h; path = MBProgressHUD.h; sourceTree = "<group>"; };
		DAFFD065163B94F600AA9FE4 /* MBProgressHUD.m */ = {isa = PBXFileReference; fileEncoding = 4; lastKnownFileType = sourcecode.c.objc; path = MBProgressHUD.m; sourceTree = "<group>"; };
		DAFFD06A163B95E800AA9FE4 /* SettingsViewController.h */ = {isa = PBXFileReference; fileEncoding = 4; lastKnownFileType = sourcecode.c.h; path = SettingsViewController.h; sourceTree = "<group>"; };
		DAFFD06B163B95E800AA9FE4 /* SettingsViewController.m */ = {isa = PBXFileReference; fileEncoding = 4; lastKnownFileType = sourcecode.c.objc; path = SettingsViewController.m; sourceTree = "<group>"; };
		DAFFD06C163B95E800AA9FE4 /* SettingsViewController.xib */ = {isa = PBXFileReference; fileEncoding = 4; lastKnownFileType = file.xib; path = SettingsViewController.xib; sourceTree = "<group>"; };
		DAFFD06F163B98E200AA9FE4 /* ChinaViewController.h */ = {isa = PBXFileReference; fileEncoding = 4; lastKnownFileType = sourcecode.c.h; path = ChinaViewController.h; sourceTree = "<group>"; };
		DAFFD070163B98E200AA9FE4 /* ChinaViewController.m */ = {isa = PBXFileReference; fileEncoding = 4; lastKnownFileType = sourcecode.c.objc; path = ChinaViewController.m; sourceTree = "<group>"; };
		DAFFD071163B98E200AA9FE4 /* ChinaViewController.xib */ = {isa = PBXFileReference; fileEncoding = 4; lastKnownFileType = file.xib; path = ChinaViewController.xib; sourceTree = "<group>"; };
		DAFFD074163B993700AA9FE4 /* HotNewsViewController.h */ = {isa = PBXFileReference; fileEncoding = 4; lastKnownFileType = sourcecode.c.h; path = HotNewsViewController.h; sourceTree = "<group>"; };
		DAFFD075163B993700AA9FE4 /* HotNewsViewController.m */ = {isa = PBXFileReference; fileEncoding = 4; lastKnownFileType = sourcecode.c.objc; path = HotNewsViewController.m; sourceTree = "<group>"; };
		DAFFD076163B993700AA9FE4 /* HotNewsViewController.xib */ = {isa = PBXFileReference; fileEncoding = 4; lastKnownFileType = file.xib; path = HotNewsViewController.xib; sourceTree = "<group>"; };
		DAFFD079163B9B0800AA9FE4 /* Blue.png */ = {isa = PBXFileReference; lastKnownFileType = image.png; path = Blue.png; sourceTree = "<group>"; };
		DAFFD07A163B9B0800AA9FE4 /* Blue@2x.png */ = {isa = PBXFileReference; lastKnownFileType = image.png; path = "Blue@2x.png"; sourceTree = "<group>"; };
		DAFFD07B163B9B0800AA9FE4 /* MKInfoPanel.h */ = {isa = PBXFileReference; fileEncoding = 4; lastKnownFileType = sourcecode.c.h; path = MKInfoPanel.h; sourceTree = "<group>"; };
		DAFFD07C163B9B0800AA9FE4 /* MKInfoPanel.m */ = {isa = PBXFileReference; fileEncoding = 4; lastKnownFileType = sourcecode.c.objc; path = MKInfoPanel.m; sourceTree = "<group>"; };
		DAFFD07D163B9B0800AA9FE4 /* MKInfoPanel.xib */ = {isa = PBXFileReference; fileEncoding = 4; lastKnownFileType = file.xib; path = MKInfoPanel.xib; sourceTree = "<group>"; };
		DAFFD07E163B9B0800AA9FE4 /* Red.png */ = {isa = PBXFileReference; lastKnownFileType = image.png; path = Red.png; sourceTree = "<group>"; };
		DAFFD07F163B9B0800AA9FE4 /* Red@2x.png */ = {isa = PBXFileReference; lastKnownFileType = image.png; path = "Red@2x.png"; sourceTree = "<group>"; };
		DAFFD080163B9B0800AA9FE4 /* Tick.png */ = {isa = PBXFileReference; lastKnownFileType = image.png; path = Tick.png; sourceTree = "<group>"; };
		DAFFD081163B9B0800AA9FE4 /* Tick@2x.png */ = {isa = PBXFileReference; lastKnownFileType = image.png; path = "Tick@2x.png"; sourceTree = "<group>"; };
		DAFFD082163B9B0800AA9FE4 /* Warning.png */ = {isa = PBXFileReference; lastKnownFileType = image.png; path = Warning.png; sourceTree = "<group>"; };
		DAFFD083163B9B0800AA9FE4 /* Warning@2x.png */ = {isa = PBXFileReference; lastKnownFileType = image.png; path = "Warning@2x.png"; sourceTree = "<group>"; };
		DAFFD092163B9D0700AA9FE4 /* QuartzCore.framework */ = {isa = PBXFileReference; lastKnownFileType = wrapper.framework; name = QuartzCore.framework; path = System/Library/Frameworks/QuartzCore.framework; sourceTree = SDKROOT; };
/* End PBXFileReference section */

/* Begin PBXFrameworksBuildPhase section */
		DA264CF7163976CF00FAB77A /* Frameworks */ = {
			isa = PBXFrameworksBuildPhase;
			buildActionMask = 2147483647;
			files = (
				DA55F4EC163D650600CABAA5 /* libz.dylib in Frameworks */,
				DAFFD093163B9D0700AA9FE4 /* QuartzCore.framework in Frameworks */,
				DA264CFF163976CF00FAB77A /* UIKit.framework in Frameworks */,
				DA264D01163976CF00FAB77A /* Foundation.framework in Frameworks */,
				DA264D03163976CF00FAB77A /* CoreGraphics.framework in Frameworks */,
				DA55F4E6163D631600CABAA5 /* libUMFeedback.a in Frameworks */,
				DA55F4EA163D64E600CABAA5 /* libMobClickLibrary.a in Frameworks */,
			);
			runOnlyForDeploymentPostprocessing = 0;
		};
/* End PBXFrameworksBuildPhase section */

/* Begin PBXGroup section */
		DA264CEF163976CF00FAB77A = {
			isa = PBXGroup;
			children = (
				DA264D04163976CF00FAB77A /* ReferenceNews */,
				DA264CFD163976CF00FAB77A /* Frameworks */,
				DA264CFB163976CF00FAB77A /* Products */,
			);
			sourceTree = "<group>";
		};
		DA264CFB163976CF00FAB77A /* Products */ = {
			isa = PBXGroup;
			children = (
				DA264CFA163976CF00FAB77A /* ReferenceNews.app */,
			);
			name = Products;
			sourceTree = "<group>";
		};
		DA264CFD163976CF00FAB77A /* Frameworks */ = {
			isa = PBXGroup;
			children = (
				DA55F4EB163D650600CABAA5 /* libz.dylib */,
				DAFFD092163B9D0700AA9FE4 /* QuartzCore.framework */,
				DA264CFE163976CF00FAB77A /* UIKit.framework */,
				DA264D00163976CF00FAB77A /* Foundation.framework */,
				DA264D02163976CF00FAB77A /* CoreGraphics.framework */,
			);
			name = Frameworks;
			sourceTree = "<group>";
		};
		DA264D04163976CF00FAB77A /* ReferenceNews */ = {
			isa = PBXGroup;
			children = (
				DA264D1F16397C3000FAB77A /* Public */,
				DA264D1E16397C2200FAB77A /* Controllers */,
				DA264D1B1639770600FAB77A /* Root */,
				DA264D05163976CF00FAB77A /* Supporting Files */,
			);
			path = ReferenceNews;
			sourceTree = "<group>";
		};
		DA264D05163976CF00FAB77A /* Supporting Files */ = {
			isa = PBXGroup;
			children = (
				DAFFD032163B8E8A00AA9FE4 /* Resource */,
				DA264D06163976CF00FAB77A /* ReferenceNews-Info.plist */,
				DA264D07163976CF00FAB77A /* InfoPlist.strings */,
				DA264D0A163976CF00FAB77A /* main.m */,
				DA264D0C163976CF00FAB77A /* ReferenceNews-Prefix.pch */,
				DA264D14163976CF00FAB77A /* Default-568h@2x.png */,
			);
			name = "Supporting Files";
			sourceTree = "<group>";
		};
		DA264D1B1639770600FAB77A /* Root */ = {
			isa = PBXGroup;
			children = (
				DA264D0D163976CF00FAB77A /* AppDelegate.h */,
				DA264D0E163976CF00FAB77A /* AppDelegate.m */,
				DA264D1C1639773700FAB77A /* MainWindow.xib */,
			);
			name = Root;
			sourceTree = "<group>";
		};
		DA264D1E16397C2200FAB77A /* Controllers */ = {
			isa = PBXGroup;
			children = (
				DAF5093A163D224D005E27CE /* NewsListController */,
				DAFFD069163B95C600AA9FE4 /* Settings */,
				DAFFD068163B956100AA9FE4 /* ChinaView */,
				DAFFD067163B955300AA9FE4 /* HotNews */,
				DA264D2216397C5700FAB77A /* Home */,
			);
			name = Controllers;
			sourceTree = "<group>";
		};
		DA264D1F16397C3000FAB77A /* Public */ = {
			isa = PBXGroup;
			children = (
				DAF50941163D2FF8005E27CE /* ASIHttpRequest */,
				DAFFD05D163B943A00AA9FE4 /* MBProgress */,
				DAFFD05C163B942600AA9FE4 /* MKInfoPanel */,
				DAFFD058163B938400AA9FE4 /* UMeng */,
				DA264D2116397C4700FAB77A /* Constants */,
				DA264D2016397C3F00FAB77A /* Utils */,
			);
			name = Public;
			sourceTree = "<group>";
		};
		DA264D2016397C3F00FAB77A /* Utils */ = {
			isa = PBXGroup;
			children = (
				DAFFD052163B909200AA9FE4 /* CColor.h */,
				DAFFD053163B910C00AA9FE4 /* CLog.h */,
				DAFFD054163B913C00AA9FE4 /* SystemVersionUtil.h */,
				DA2486B9163C016F000107F0 /* NotificationUtil.h */,
				DA2486BA163C016F000107F0 /* NotificationUtil.m */,
			);
			name = Utils;
			sourceTree = "<group>";
		};
		DA264D2116397C4700FAB77A /* Constants */ = {
			isa = PBXGroup;
			children = (
				DAFFD055163B916500AA9FE4 /* Constant.h */,
				DAFFD056163B916500AA9FE4 /* Constant.m */,
			);
			name = Constants;
			sourceTree = "<group>";
		};
		DA264D2216397C5700FAB77A /* Home */ = {
			isa = PBXGroup;
			children = (
				DA264D2316397C7900FAB77A /* HomeViewController.h */,
				DA264D2416397C7900FAB77A /* HomeViewController.m */,
				DA264D2516397C7900FAB77A /* HomeViewController.xib */,
			);
			name = Home;
			sourceTree = "<group>";
		};
		DA55F4C9163D5CC300CABAA5 /* home */ = {
			isa = PBXGroup;
			children = (
				DA55F4CB163D5CDF00CABAA5 /* china_btn_bg.png */,
				DA55F4CC163D5CDF00CABAA5 /* china_btn_bg@2X.png */,
				DA55F4CD163D5CDF00CABAA5 /* fin_btn_bg.png */,
				DA55F4CE163D5CDF00CABAA5 /* fin_btn_bg@2x.png */,
				DA55F4CF163D5CDF00CABAA5 /* military_btn_bg.png */,
				DA55F4D0163D5CDF00CABAA5 /* military_btn_bg@2x.png */,
				DA55F4D1163D5CDF00CABAA5 /* taiwan_btn_bg.png */,
				DA55F4D2163D5CDF00CABAA5 /* taiwan_btn_bg@2x.png */,
				DA55F4D3163D5CDF00CABAA5 /* view_btn_bg.png */,
				DA55F4D4163D5CDF00CABAA5 /* view_btn_bg@2x.png */,
				DA55F4D5163D5CDF00CABAA5 /* world_btn_bg.png */,
				DA55F4D6163D5CDF00CABAA5 /* world_btn_bg@2x.png */,
			);
			name = home;
			sourceTree = "<group>";
		};
		DA55F568163D67BB00CABAA5 /* Share */ = {
			isa = PBXGroup;
			children = (
			);
			name = Share;
			sourceTree = "<group>";
		};
		DAF5093A163D224D005E27CE /* NewsListController */ = {
			isa = PBXGroup;
			children = (
				DAF5093C163D227E005E27CE /* NewsViewController.h */,
				DAF5093D163D227E005E27CE /* NewsViewController.m */,
				DAF5093E163D227E005E27CE /* NewsViewController.xib */,
			);
			name = NewsListController;
			sourceTree = "<group>";
		};
		DAF50941163D2FF8005E27CE /* ASIHttpRequest */ = {
			isa = PBXGroup;
			children = (
			);
			name = ASIHttpRequest;
			sourceTree = "<group>";
		};
		DAF5094E163D39D4005E27CE /* icon */ = {
			isa = PBXGroup;
			children = (
				DAF50951163D4C92005E27CE /* Default@2x.png */,
				DAF5094F163D4C8A005E27CE /* Default.png */,
				DAF50946163D37E7005E27CE /* icon1.png */,
				DAF50944163D37D4005E27CE /* icon2.png */,
			);
			name = icon;
			sourceTree = "<group>";
		};
		DAFFD032163B8E8A00AA9FE4 /* Resource */ = {
			isa = PBXGroup;
			children = (
				DAFFD034163B8E9500AA9FE4 /* Images */,
			);
			name = Resource;
			sourceTree = "<group>";
		};
		DAFFD034163B8E9500AA9FE4 /* Images */ = {
			isa = PBXGroup;
			children = (
				DA55F4C9163D5CC300CABAA5 /* home */,
				DAF5094E163D39D4005E27CE /* icon */,
				DAFFD035163B8EAF00AA9FE4 /* main */,
				DAFFD03F163B8EAF00AA9FE4 /* errors */,
			);
			name = Images;
			sourceTree = "<group>";
		};
		DAFFD035163B8EAF00AA9FE4 /* main */ = {
			isa = PBXGroup;
			children = (
				DAFFD036163B8EAF00AA9FE4 /* btn_bar_home_sel.png */,
				DAFFD037163B8EAF00AA9FE4 /* btn_bar_setting_sel.png */,
				DAFFD038163B8EAF00AA9FE4 /* btn_chat_addfrend_nol.png */,
				DAFFD039163B8EAF00AA9FE4 /* ic_details_forward.png */,
				DAFFD03A163B8EAF00AA9FE4 /* ic_details_forward_focused.png */,
				DAFFD03B163B8EAF00AA9FE4 /* ic_favorite.png */,
				DAFFD03C163B8EAF00AA9FE4 /* ic_infor.png */,
				DAFFD03D163B8EAF00AA9FE4 /* ico_chat_insert_down_nol.png */,
				DAFFD03E163B8EAF00AA9FE4 /* ico_chat_insert_down_sel.png */,
			);
			path = main;
			sourceTree = "<group>";
		};
		DAFFD03F163B8EAF00AA9FE4 /* errors */ = {
			isa = PBXGroup;
			children = (
				DAFFD040163B8EAF00AA9FE4 /* ico_mainfeed_quickreply_jiong_big.png */,
				DAFFD041163B8EAF00AA9FE4 /* ico_mainfeed_quickreply_unlike_big.png */,
				DAFFD042163B8EAF00AA9FE4 /* ico_pulishpage_doing_dog.png */,
				DAFFD043163B8EAF00AA9FE4 /* ico_pulishpage_doing_shit.png */,
			);
			name = errors;
			path = "失败";
			sourceTree = "<group>";
		};
		DAFFD058163B938400AA9FE4 /* UMeng */ = {
			isa = PBXGroup;
			children = (
				DA55F568163D67BB00CABAA5 /* Share */,
				DAFFD05B163B93AC00AA9FE4 /* Anlysis */,
				DAFFD05A163B93A100AA9FE4 /* FeedBack */,
			);
			name = UMeng;
			sourceTree = "<group>";
		};
		DAFFD05A163B93A100AA9FE4 /* FeedBack */ = {
			isa = PBXGroup;
			children = (
				DA55F4E3163D631600CABAA5 /* libUMFeedback.a */,
				DA55F4E4163D631600CABAA5 /* umFeedback.bundle */,
				DA55F4E5163D631600CABAA5 /* UMFeedback.h */,
			);
			name = FeedBack;
			sourceTree = "<group>";
		};
		DAFFD05B163B93AC00AA9FE4 /* Anlysis */ = {
			isa = PBXGroup;
			children = (
				DA55F4E8163D64E600CABAA5 /* libMobClickLibrary.a */,
				DA55F4E9163D64E600CABAA5 /* MobClick.h */,
			);
			name = Anlysis;
			sourceTree = "<group>";
		};
		DAFFD05C163B942600AA9FE4 /* MKInfoPanel */ = {
			isa = PBXGroup;
			children = (
				DAFFD079163B9B0800AA9FE4 /* Blue.png */,
				DAFFD07A163B9B0800AA9FE4 /* Blue@2x.png */,
				DAFFD07B163B9B0800AA9FE4 /* MKInfoPanel.h */,
				DAFFD07C163B9B0800AA9FE4 /* MKInfoPanel.m */,
				DAFFD07D163B9B0800AA9FE4 /* MKInfoPanel.xib */,
				DAFFD07E163B9B0800AA9FE4 /* Red.png */,
				DAFFD07F163B9B0800AA9FE4 /* Red@2x.png */,
				DAFFD080163B9B0800AA9FE4 /* Tick.png */,
				DAFFD081163B9B0800AA9FE4 /* Tick@2x.png */,
				DAFFD082163B9B0800AA9FE4 /* Warning.png */,
				DAFFD083163B9B0800AA9FE4 /* Warning@2x.png */,
			);
			name = MKInfoPanel;
			sourceTree = "<group>";
		};
		DAFFD05D163B943A00AA9FE4 /* MBProgress */ = {
			isa = PBXGroup;
			children = (
				DAFFD064163B94F600AA9FE4 /* MBProgressHUD.h */,
				DAFFD065163B94F600AA9FE4 /* MBProgressHUD.m */,
			);
			name = MBProgress;
			sourceTree = "<group>";
		};
		DAFFD067163B955300AA9FE4 /* HotNews */ = {
			isa = PBXGroup;
			children = (
				DAFFD074163B993700AA9FE4 /* HotNewsViewController.h */,
				DAFFD075163B993700AA9FE4 /* HotNewsViewController.m */,
				DAFFD076163B993700AA9FE4 /* HotNewsViewController.xib */,
			);
			name = HotNews;
			sourceTree = "<group>";
		};
		DAFFD068163B956100AA9FE4 /* ChinaView */ = {
			isa = PBXGroup;
			children = (
				DAFFD06F163B98E200AA9FE4 /* ChinaViewController.h */,
				DAFFD070163B98E200AA9FE4 /* ChinaViewController.m */,
				DAFFD071163B98E200AA9FE4 /* ChinaViewController.xib */,
			);
			name = ChinaView;
			sourceTree = "<group>";
		};
		DAFFD069163B95C600AA9FE4 /* Settings */ = {
			isa = PBXGroup;
			children = (
				DAFFD06A163B95E800AA9FE4 /* SettingsViewController.h */,
				DAFFD06B163B95E800AA9FE4 /* SettingsViewController.m */,
				DAFFD06C163B95E800AA9FE4 /* SettingsViewController.xib */,
			);
			name = Settings;
			sourceTree = "<group>";
		};
/* End PBXGroup section */

/* Begin PBXNativeTarget section */
		DA264CF9163976CF00FAB77A /* ReferenceNews */ = {
			isa = PBXNativeTarget;
			buildConfigurationList = DA264D18163976CF00FAB77A /* Build configuration list for PBXNativeTarget "ReferenceNews" */;
			buildPhases = (
				DA264CF6163976CF00FAB77A /* Sources */,
				DA264CF7163976CF00FAB77A /* Frameworks */,
				DA264CF8163976CF00FAB77A /* Resources */,
			);
			buildRules = (
			);
			dependencies = (
			);
			name = ReferenceNews;
			productName = ReferenceNews;
			productReference = DA264CFA163976CF00FAB77A /* ReferenceNews.app */;
			productType = "com.apple.product-type.application";
		};
/* End PBXNativeTarget section */

/* Begin PBXProject section */
		DA264CF1163976CF00FAB77A /* Project object */ = {
			isa = PBXProject;
			attributes = {
				LastUpgradeCheck = 0450;
				ORGANIZATIONNAME = Cloay;
			};
			buildConfigurationList = DA264CF4163976CF00FAB77A /* Build configuration list for PBXProject "ReferenceNews" */;
			compatibilityVersion = "Xcode 3.2";
			developmentRegion = English;
			hasScannedForEncodings = 0;
			knownRegions = (
				en,
			);
			mainGroup = DA264CEF163976CF00FAB77A;
			productRefGroup = DA264CFB163976CF00FAB77A /* Products */;
			projectDirPath = "";
			projectRoot = "";
			targets = (
				DA264CF9163976CF00FAB77A /* ReferenceNews */,
			);
		};
/* End PBXProject section */

/* Begin PBXResourcesBuildPhase section */
		DA264CF8163976CF00FAB77A /* Resources */ = {
			isa = PBXResourcesBuildPhase;
			buildActionMask = 2147483647;
			files = (
				DA264D09163976CF00FAB77A /* InfoPlist.strings in Resources */,
				DA264D15163976CF00FAB77A /* Default-568h@2x.png in Resources */,
				DA264D1D1639773700FAB77A /* MainWindow.xib in Resources */,
				DA264D2716397C7900FAB77A /* HomeViewController.xib in Resources */,
				DAFFD044163B8EAF00AA9FE4 /* btn_bar_home_sel.png in Resources */,
				DAFFD045163B8EAF00AA9FE4 /* btn_bar_setting_sel.png in Resources */,
				DAFFD046163B8EAF00AA9FE4 /* btn_chat_addfrend_nol.png in Resources */,
				DAFFD047163B8EAF00AA9FE4 /* ic_details_forward.png in Resources */,
				DAFFD048163B8EAF00AA9FE4 /* ic_details_forward_focused.png in Resources */,
				DAFFD049163B8EAF00AA9FE4 /* ic_favorite.png in Resources */,
				DAFFD04A163B8EAF00AA9FE4 /* ic_infor.png in Resources */,
				DAFFD04B163B8EAF00AA9FE4 /* ico_chat_insert_down_nol.png in Resources */,
				DAFFD04C163B8EAF00AA9FE4 /* ico_chat_insert_down_sel.png in Resources */,
				DAFFD04D163B8EAF00AA9FE4 /* ico_mainfeed_quickreply_jiong_big.png in Resources */,
				DAFFD04E163B8EAF00AA9FE4 /* ico_mainfeed_quickreply_unlike_big.png in Resources */,
				DAFFD04F163B8EAF00AA9FE4 /* ico_pulishpage_doing_dog.png in Resources */,
				DAFFD050163B8EAF00AA9FE4 /* ico_pulishpage_doing_shit.png in Resources */,
				DAFFD06E163B95E800AA9FE4 /* SettingsViewController.xib in Resources */,
				DAFFD073163B98E200AA9FE4 /* ChinaViewController.xib in Resources */,
				DAFFD078163B993700AA9FE4 /* HotNewsViewController.xib in Resources */,
				DAFFD084163B9B0800AA9FE4 /* Blue.png in Resources */,
				DAFFD085163B9B0800AA9FE4 /* Blue@2x.png in Resources */,
				DAFFD087163B9B0800AA9FE4 /* MKInfoPanel.xib in Resources */,
				DAFFD088163B9B0800AA9FE4 /* Red.png in Resources */,
				DAFFD089163B9B0800AA9FE4 /* Red@2x.png in Resources */,
				DAFFD08A163B9B0800AA9FE4 /* Tick.png in Resources */,
				DAFFD08B163B9B0800AA9FE4 /* Tick@2x.png in Resources */,
				DAFFD08C163B9B0800AA9FE4 /* Warning.png in Resources */,
				DAFFD08D163B9B0800AA9FE4 /* Warning@2x.png in Resources */,
				DAF50940163D227E005E27CE /* NewsViewController.xib in Resources */,
				DAF50945163D37D4005E27CE /* icon2.png in Resources */,
				DAF50947163D37E8005E27CE /* icon1.png in Resources */,
				DAF50950163D4C8A005E27CE /* Default.png in Resources */,
				DAF50952163D4C92005E27CE /* Default@2x.png in Resources */,
				DA55F4D7163D5CDF00CABAA5 /* china_btn_bg.png in Resources */,
				DA55F4D8163D5CDF00CABAA5 /* china_btn_bg@2X.png in Resources */,
				DA55F4D9163D5CDF00CABAA5 /* fin_btn_bg.png in Resources */,
				DA55F4DA163D5CDF00CABAA5 /* fin_btn_bg@2x.png in Resources */,
				DA55F4DB163D5CDF00CABAA5 /* military_btn_bg.png in Resources */,
				DA55F4DC163D5CDF00CABAA5 /* military_btn_bg@2x.png in Resources */,
				DA55F4DD163D5CDF00CABAA5 /* taiwan_btn_bg.png in Resources */,
				DA55F4DE163D5CDF00CABAA5 /* taiwan_btn_bg@2x.png in Resources */,
				DA55F4DF163D5CDF00CABAA5 /* view_btn_bg.png in Resources */,
				DA55F4E0163D5CDF00CABAA5 /* view_btn_bg@2x.png in Resources */,
				DA55F4E1163D5CDF00CABAA5 /* world_btn_bg.png in Resources */,
				DA55F4E2163D5CDF00CABAA5 /* world_btn_bg@2x.png in Resources */,
				DA55F4E7163D631600CABAA5 /* umFeedback.bundle in Resources */,
			);
			runOnlyForDeploymentPostprocessing = 0;
		};
/* End PBXResourcesBuildPhase section */

/* Begin PBXSourcesBuildPhase section */
		DA264CF6163976CF00FAB77A /* Sources */ = {
			isa = PBXSourcesBuildPhase;
			buildActionMask = 2147483647;
			files = (
				DA264D0B163976CF00FAB77A /* main.m in Sources */,
				DA264D0F163976CF00FAB77A /* AppDelegate.m in Sources */,
				DA264D2616397C7900FAB77A /* HomeViewController.m in Sources */,
				DAFFD057163B916500AA9FE4 /* Constant.m in Sources */,
				DAFFD066163B94F600AA9FE4 /* MBProgressHUD.m in Sources */,
				DAFFD06D163B95E800AA9FE4 /* SettingsViewController.m in Sources */,
				DAFFD072163B98E200AA9FE4 /* ChinaViewController.m in Sources */,
				DAFFD077163B993700AA9FE4 /* HotNewsViewController.m in Sources */,
				DAFFD086163B9B0800AA9FE4 /* MKInfoPanel.m in Sources */,
				DA2486BB163C016F000107F0 /* NotificationUtil.m in Sources */,
				DAF5093F163D227E005E27CE /* NewsViewController.m in Sources */,
			);
			runOnlyForDeploymentPostprocessing = 0;
		};
/* End PBXSourcesBuildPhase section */

/* Begin PBXVariantGroup section */
		DA264D07163976CF00FAB77A /* InfoPlist.strings */ = {
			isa = PBXVariantGroup;
			children = (
				DA264D08163976CF00FAB77A /* en */,
			);
			name = InfoPlist.strings;
			sourceTree = "<group>";
		};
/* End PBXVariantGroup section */

/* Begin XCBuildConfiguration section */
		DA264D16163976CF00FAB77A /* Debug */ = {
			isa = XCBuildConfiguration;
			buildSettings = {
				ALWAYS_SEARCH_USER_PATHS = NO;
				CLANG_CXX_LANGUAGE_STANDARD = "gnu++0x";
				CLANG_CXX_LIBRARY = "libc++";
				CLANG_ENABLE_OBJC_ARC = YES;
				CLANG_WARN_EMPTY_BODY = YES;
				CLANG_WARN__DUPLICATE_METHOD_MATCH = YES;
				"CODE_SIGN_IDENTITY[sdk=iphoneos*]" = "iPhone Developer";
				COPY_PHASE_STRIP = NO;
				GCC_C_LANGUAGE_STANDARD = gnu99;
				GCC_DYNAMIC_NO_PIC = NO;
				GCC_OPTIMIZATION_LEVEL = 0;
				GCC_PREPROCESSOR_DEFINITIONS = (
					"DEBUG=1",
					"$(inherited)",
				);
				GCC_SYMBOLS_PRIVATE_EXTERN = NO;
				GCC_WARN_ABOUT_RETURN_TYPE = YES;
				GCC_WARN_UNINITIALIZED_AUTOS = YES;
				GCC_WARN_UNUSED_VARIABLE = YES;
				IPHONEOS_DEPLOYMENT_TARGET = 6.0;
				SDKROOT = iphoneos;
			};
			name = Debug;
		};
		DA264D17163976CF00FAB77A /* Release */ = {
			isa = XCBuildConfiguration;
			buildSettings = {
				ALWAYS_SEARCH_USER_PATHS = NO;
				CLANG_CXX_LANGUAGE_STANDARD = "gnu++0x";
				CLANG_CXX_LIBRARY = "libc++";
				CLANG_ENABLE_OBJC_ARC = YES;
				CLANG_WARN_EMPTY_BODY = YES;
				CLANG_WARN__DUPLICATE_METHOD_MATCH = YES;
				"CODE_SIGN_IDENTITY[sdk=iphoneos*]" = "iPhone Developer";
				COPY_PHASE_STRIP = YES;
				GCC_C_LANGUAGE_STANDARD = gnu99;
				GCC_WARN_ABOUT_RETURN_TYPE = YES;
				GCC_WARN_UNINITIALIZED_AUTOS = YES;
				GCC_WARN_UNUSED_VARIABLE = YES;
				IPHONEOS_DEPLOYMENT_TARGET = 6.0;
				OTHER_CFLAGS = "-DNS_BLOCK_ASSERTIONS=1";
				SDKROOT = iphoneos;
				VALIDATE_PRODUCT = YES;
			};
			name = Release;
		};
		DA264D19163976CF00FAB77A /* Debug */ = {
			isa = XCBuildConfiguration;
			buildSettings = {
				GCC_PRECOMPILE_PREFIX_HEADER = YES;
				GCC_PREFIX_HEADER = "ReferenceNews/ReferenceNews-Prefix.pch";
				INFOPLIST_FILE = "ReferenceNews/ReferenceNews-Info.plist";
				LIBRARY_SEARCH_PATHS = (
					"$(inherited)",
					"\"$(SRCROOT)/ReferenceNews\"",
					"\"$(SRCROOT)/ReferenceNews/SDK\"",
				);
				PRODUCT_NAME = "$(TARGET_NAME)";
				WRAPPER_EXTENSION = app;
			};
			name = Debug;
		};
		DA264D1A163976CF00FAB77A /* Release */ = {
			isa = XCBuildConfiguration;
			buildSettings = {
				GCC_PRECOMPILE_PREFIX_HEADER = YES;
				GCC_PREFIX_HEADER = "ReferenceNews/ReferenceNews-Prefix.pch";
				INFOPLIST_FILE = "ReferenceNews/ReferenceNews-Info.plist";
				LIBRARY_SEARCH_PATHS = (
					"$(inherited)",
					"\"$(SRCROOT)/ReferenceNews\"",
					"\"$(SRCROOT)/ReferenceNews/SDK\"",
				);
				PRODUCT_NAME = "$(TARGET_NAME)";
				WRAPPER_EXTENSION = app;
			};
			name = Release;
		};
/* End XCBuildConfiguration section */

/* Begin XCConfigurationList section */
		DA264CF4163976CF00FAB77A /* Build configuration list for PBXProject "ReferenceNews" */ = {
			isa = XCConfigurationList;
			buildConfigurations = (
				DA264D16163976CF00FAB77A /* Debug */,
				DA264D17163976CF00FAB77A /* Release */,
			);
			defaultConfigurationIsVisible = 0;
			defaultConfigurationName = Release;
		};
		DA264D18163976CF00FAB77A /* Build configuration list for PBXNativeTarget "ReferenceNews" */ = {
			isa = XCConfigurationList;
			buildConfigurations = (
				DA264D19163976CF00FAB77A /* Debug */,
				DA264D1A163976CF00FAB77A /* Release */,
			);
			defaultConfigurationIsVisible = 0;
			defaultConfigurationName = Release;
		};
/* End XCConfigurationList section */
	};
	rootObject = DA264CF1163976CF00FAB77A /* Project object */;
}
